
Microsoft Visual Studio Solution File, Format Version 11.00
# Visual Studio 2010
Project("{FAE04EC0-301F-11D3-BF4B-00C04F79EFBC}") = "SilverlightArchitecture", "Silverlight-Architecture\SilverlightArchitecture.csproj", "{BDC379D0-4DC0-4534-9788-AB6445BD6261}"
	ProjectSection(ProjectDependencies) = postProject
		{CE808EAC-5EAC-463C-A419-C63CEEA5C039} = {CE808EAC-5EAC-463C-A419-C63CEEA5C039}
	EndProjectSection
EndProject
Project("{FAE04EC0-301F-11D3-BF4B-00C04F79EFBC}") = "SilverlightArchitecture.Web", "Silverlight-Architecture.Web\SilverlightArchitecture.Web.csproj", "{CE808EAC-5EAC-463C-A419-C63CEEA5C039}"
EndProject
Project("{2150E333-8FDC-42A3-9474-1A3956D46DE8}") = "Support", "Support", "{71937A31-7A32-4809-B5D1-9865F3386AAC}"
	ProjectSection(SolutionItems) = preProject
		Guidance.txt = Guidance.txt
		NamingConventions.txt = NamingConventions.txt
		PeopleToWatch.txt = PeopleToWatch.txt
		PerformanceTips.txt = PerformanceTips.txt
		Structure.txt = Structure.txt
		Using MVVM.txt = Using MVVM.txt
	EndProjectSection
EndProject
Project("{2150E333-8FDC-42A3-9474-1A3956D46DE8}") = "ThirdParty", "ThirdParty", "{AA3E6AA7-A74A-43E9-B3DD-D8AB30C10B55}"
	ProjectSection(SolutionItems) = preProject
		ThirdParty\Ninject\extensions\CommonServiceLocator.NinjectAdapter.dll = ThirdParty\Ninject\extensions\CommonServiceLocator.NinjectAdapter.dll
		ThirdParty\MvvmLight\GalaSoft.MvvmLight.Extras.SL4.dll = ThirdParty\MvvmLight\GalaSoft.MvvmLight.Extras.SL4.dll
		ThirdParty\MvvmLight\GalaSoft.MvvmLight.Extras.SL4.XML = ThirdParty\MvvmLight\GalaSoft.MvvmLight.Extras.SL4.XML
		ThirdParty\MvvmLight\GalaSoft.MvvmLight.SL4.dll = ThirdParty\MvvmLight\GalaSoft.MvvmLight.SL4.dll
		ThirdParty\MvvmLight\GalaSoft.MvvmLight.SL4.XML = ThirdParty\MvvmLight\GalaSoft.MvvmLight.SL4.XML
		ThirdParty\MEF\MefContrib.Hosting.Interception.Castle.Silverlight.dll = ThirdParty\MEF\MefContrib.Hosting.Interception.Castle.Silverlight.dll
		ThirdParty\MEF\MefContrib.Hosting.Interception.Castle.Silverlight.xml = ThirdParty\MEF\MefContrib.Hosting.Interception.Castle.Silverlight.xml
		ThirdParty\MEF\MefContrib.Hosting.Interception.LinFu.Silverlight.dll = ThirdParty\MEF\MefContrib.Hosting.Interception.LinFu.Silverlight.dll
		ThirdParty\MEF\MefContrib.Hosting.Interception.LinFu.Silverlight.xml = ThirdParty\MEF\MefContrib.Hosting.Interception.LinFu.Silverlight.xml
		ThirdParty\MEF\MefContrib.Integration.Unity.Silverlight.dll = ThirdParty\MEF\MefContrib.Integration.Unity.Silverlight.dll
		ThirdParty\MEF\MefContrib.Integration.Unity.Silverlight.xml = ThirdParty\MEF\MefContrib.Integration.Unity.Silverlight.xml
		ThirdParty\MEF\MefContrib.Silverlight.dll = ThirdParty\MEF\MefContrib.Silverlight.dll
		ThirdParty\MEF\MefContrib.Silverlight.xml = ThirdParty\MEF\MefContrib.Silverlight.xml
		ThirdParty\Ninject\Ninject.dll = ThirdParty\Ninject\Ninject.dll
		ThirdParty\Ninject\extensions\Ninject.Extensions.Conventions.dll = ThirdParty\Ninject\extensions\Ninject.Extensions.Conventions.dll
		ThirdParty\Ninject\extensions\Ninject.Extensions.Conventions.pdb = ThirdParty\Ninject\extensions\Ninject.Extensions.Conventions.pdb
		ThirdParty\Ninject\extensions\Ninject.Extensions.Conventions.xml = ThirdParty\Ninject\extensions\Ninject.Extensions.Conventions.xml
		ThirdParty\Ninject\Ninject.xml = ThirdParty\Ninject\Ninject.xml
		ThirdParty\MvvmLight\System.Windows.Interactivity.dll = ThirdParty\MvvmLight\System.Windows.Interactivity.dll
	EndProjectSection
EndProject
Project("{2150E333-8FDC-42A3-9474-1A3956D46DE8}") = "Preload", "Preload", "{35246773-981E-47C9-937C-F7668FCE980F}"
EndProject
Project("{2150E333-8FDC-42A3-9474-1A3956D46DE8}") = "Solution Items", "Solution Items", "{FBECFD4C-2EFE-4D76-A05D-C92F1A29B24B}"
	ProjectSection(SolutionItems) = preProject
		Readme.txt = Readme.txt
	EndProjectSection
EndProject
Project("{2150E333-8FDC-42A3-9474-1A3956D46DE8}") = "Tests", "Tests", "{94CD553B-E19A-4BEC-B887-A900E00D1AE2}"
EndProject
Project("{FAE04EC0-301F-11D3-BF4B-00C04F79EFBC}") = "SilverlightArchitecture.UnitTests", "SilverlightArchitecture.UnitTests\SilverlightArchitecture.UnitTests.csproj", "{E4920FE4-7926-423D-8779-0A1B5E896965}"
EndProject
Project("{FAE04EC0-301F-11D3-BF4B-00C04F79EFBC}") = "SilverlightArchitecture.IntegrationTests", "SilverlightArchitecture.IntegrationTests\SilverlightArchitecture.IntegrationTests.csproj", "{0BCA43C5-FF1B-4A39-8667-9C1982939182}"
EndProject
Project("{FAE04EC0-301F-11D3-BF4B-00C04F79EFBC}") = "SilverlightArchitecture.Repository", "SilverlightArchitecture.Repository\SilverlightArchitecture.Repository.csproj", "{6D4FB517-90DF-451A-A4EC-4E8CD7381B86}"
	ProjectSection(ProjectDependencies) = postProject
		{7B4836F3-5BEF-424F-B7F7-86D3AADAA0AF} = {7B4836F3-5BEF-424F-B7F7-86D3AADAA0AF}
	EndProjectSection
EndProject
Project("{FAE04EC0-301F-11D3-BF4B-00C04F79EFBC}") = "SilverlightArchitecture.Data", "SilverlightArchitecture.Data\SilverlightArchitecture.Data.csproj", "{7B4836F3-5BEF-424F-B7F7-86D3AADAA0AF}"
EndProject
Project("{FAE04EC0-301F-11D3-BF4B-00C04F79EFBC}") = "SilverlightArchitecture.Contracts", "SilverlightArchitecture.Contracts\SilverlightArchitecture.Contracts.csproj", "{117EC957-BC7C-4F14-A3EE-D8BE73CB43CB}"
EndProject
Project("{2150E333-8FDC-42A3-9474-1A3956D46DE8}") = "SilverlightArchitecture.RIA", "SilverlightArchitecture.RIA", "{F3B3D22D-E71E-4E6E-ADDB-A45BF38106AF}"
EndProject
Project("{FAE04EC0-301F-11D3-BF4B-00C04F79EFBC}") = "SilverlightArchitecture.RIA.Web", "SilverlightArchitecture.RIA.Web\SilverlightArchitecture.RIA.Web.csproj", "{6AB14468-638A-4E9D-9B5D-781A7DD5D92B}"
EndProject
Project("{FAE04EC0-301F-11D3-BF4B-00C04F79EFBC}") = "SilverlightArchitecture.RIA", "SilverlightArchitecture.RIA\SilverlightArchitecture.RIA.csproj", "{BF67F5D9-6FDE-4FC4-9948-C33F47459C21}"
	ProjectSection(ProjectDependencies) = postProject
		{6AB14468-638A-4E9D-9B5D-781A7DD5D92B} = {6AB14468-638A-4E9D-9B5D-781A7DD5D92B}
	EndProjectSection
EndProject
Project("{2150E333-8FDC-42A3-9474-1A3956D46DE8}") = "Examples", "Examples", "{98C34147-85FB-4B85-98BF-9C5A0D831766}"
EndProject
Project("{FAE04EC0-301F-11D3-BF4B-00C04F79EFBC}") = "SilverlightArchitecture.Examples.Printing", "SilverlightArchitecture.Examples.Printing\SilverlightArchitecture.Examples.Printing.csproj", "{3AC4E183-56AD-4467-8435-7D08EE066E81}"
EndProject
Project("{FAE04EC0-301F-11D3-BF4B-00C04F79EFBC}") = "SilverlightArchitecture.Examples.Charting", "SilverlightArchitecture.Examples.Charting\SilverlightArchitecture.Examples.Charting.csproj", "{4F150D27-ED9E-46A1-A485-A9889AC2BE86}"
EndProject
Global
	GlobalSection(SolutionConfigurationPlatforms) = preSolution
		Debug|Any CPU = Debug|Any CPU
		Release|Any CPU = Release|Any CPU
	EndGlobalSection
	GlobalSection(ProjectConfigurationPlatforms) = postSolution
		{BDC379D0-4DC0-4534-9788-AB6445BD6261}.Debug|Any CPU.ActiveCfg = Debug|Any CPU
		{BDC379D0-4DC0-4534-9788-AB6445BD6261}.Debug|Any CPU.Build.0 = Debug|Any CPU
		{BDC379D0-4DC0-4534-9788-AB6445BD6261}.Release|Any CPU.ActiveCfg = Release|Any CPU
		{BDC379D0-4DC0-4534-9788-AB6445BD6261}.Release|Any CPU.Build.0 = Release|Any CPU
		{CE808EAC-5EAC-463C-A419-C63CEEA5C039}.Debug|Any CPU.ActiveCfg = Debug|Any CPU
		{CE808EAC-5EAC-463C-A419-C63CEEA5C039}.Debug|Any CPU.Build.0 = Debug|Any CPU
		{CE808EAC-5EAC-463C-A419-C63CEEA5C039}.Release|Any CPU.ActiveCfg = Release|Any CPU
		{CE808EAC-5EAC-463C-A419-C63CEEA5C039}.Release|Any CPU.Build.0 = Release|Any CPU
		{E4920FE4-7926-423D-8779-0A1B5E896965}.Debug|Any CPU.ActiveCfg = Debug|Any CPU
		{E4920FE4-7926-423D-8779-0A1B5E896965}.Debug|Any CPU.Build.0 = Debug|Any CPU
		{E4920FE4-7926-423D-8779-0A1B5E896965}.Release|Any CPU.ActiveCfg = Release|Any CPU
		{E4920FE4-7926-423D-8779-0A1B5E896965}.Release|Any CPU.Build.0 = Release|Any CPU
		{0BCA43C5-FF1B-4A39-8667-9C1982939182}.Debug|Any CPU.ActiveCfg = Debug|Any CPU
		{0BCA43C5-FF1B-4A39-8667-9C1982939182}.Debug|Any CPU.Build.0 = Debug|Any CPU
		{0BCA43C5-FF1B-4A39-8667-9C1982939182}.Release|Any CPU.ActiveCfg = Release|Any CPU
		{0BCA43C5-FF1B-4A39-8667-9C1982939182}.Release|Any CPU.Build.0 = Release|Any CPU
		{6D4FB517-90DF-451A-A4EC-4E8CD7381B86}.Debug|Any CPU.ActiveCfg = Debug|Any CPU
		{6D4FB517-90DF-451A-A4EC-4E8CD7381B86}.Debug|Any CPU.Build.0 = Debug|Any CPU
		{6D4FB517-90DF-451A-A4EC-4E8CD7381B86}.Release|Any CPU.ActiveCfg = Release|Any CPU
		{6D4FB517-90DF-451A-A4EC-4E8CD7381B86}.Release|Any CPU.Build.0 = Release|Any CPU
		{7B4836F3-5BEF-424F-B7F7-86D3AADAA0AF}.Debug|Any CPU.ActiveCfg = Debug|Any CPU
		{7B4836F3-5BEF-424F-B7F7-86D3AADAA0AF}.Debug|Any CPU.Build.0 = Debug|Any CPU
		{7B4836F3-5BEF-424F-B7F7-86D3AADAA0AF}.Release|Any CPU.ActiveCfg = Release|Any CPU
		{7B4836F3-5BEF-424F-B7F7-86D3AADAA0AF}.Release|Any CPU.Build.0 = Release|Any CPU
		{117EC957-BC7C-4F14-A3EE-D8BE73CB43CB}.Debug|Any CPU.ActiveCfg = Debug|Any CPU
		{117EC957-BC7C-4F14-A3EE-D8BE73CB43CB}.Debug|Any CPU.Build.0 = Debug|Any CPU
		{117EC957-BC7C-4F14-A3EE-D8BE73CB43CB}.Release|Any CPU.ActiveCfg = Release|Any CPU
		{117EC957-BC7C-4F14-A3EE-D8BE73CB43CB}.Release|Any CPU.Build.0 = Release|Any CPU
		{6AB14468-638A-4E9D-9B5D-781A7DD5D92B}.Debug|Any CPU.ActiveCfg = Debug|Any CPU
		{6AB14468-638A-4E9D-9B5D-781A7DD5D92B}.Debug|Any CPU.Build.0 = Debug|Any CPU
		{6AB14468-638A-4E9D-9B5D-781A7DD5D92B}.Release|Any CPU.ActiveCfg = Release|Any CPU
		{6AB14468-638A-4E9D-9B5D-781A7DD5D92B}.Release|Any CPU.Build.0 = Release|Any CPU
		{BF67F5D9-6FDE-4FC4-9948-C33F47459C21}.Debug|Any CPU.ActiveCfg = Debug|Any CPU
		{BF67F5D9-6FDE-4FC4-9948-C33F47459C21}.Debug|Any CPU.Build.0 = Debug|Any CPU
		{BF67F5D9-6FDE-4FC4-9948-C33F47459C21}.Release|Any CPU.ActiveCfg = Release|Any CPU
		{BF67F5D9-6FDE-4FC4-9948-C33F47459C21}.Release|Any CPU.Build.0 = Release|Any CPU
		{3AC4E183-56AD-4467-8435-7D08EE066E81}.Debug|Any CPU.ActiveCfg = Debug|Any CPU
		{3AC4E183-56AD-4467-8435-7D08EE066E81}.Debug|Any CPU.Build.0 = Debug|Any CPU
		{3AC4E183-56AD-4467-8435-7D08EE066E81}.Release|Any CPU.ActiveCfg = Release|Any CPU
		{3AC4E183-56AD-4467-8435-7D08EE066E81}.Release|Any CPU.Build.0 = Release|Any CPU
		{4F150D27-ED9E-46A1-A485-A9889AC2BE86}.Debug|Any CPU.ActiveCfg = Debug|Any CPU
		{4F150D27-ED9E-46A1-A485-A9889AC2BE86}.Debug|Any CPU.Build.0 = Debug|Any CPU
		{4F150D27-ED9E-46A1-A485-A9889AC2BE86}.Release|Any CPU.ActiveCfg = Release|Any CPU
		{4F150D27-ED9E-46A1-A485-A9889AC2BE86}.Release|Any CPU.Build.0 = Release|Any CPU
	EndGlobalSection
	GlobalSection(SolutionProperties) = preSolution
		HideSolutionNode = FALSE
	EndGlobalSection
	GlobalSection(NestedProjects) = preSolution
		{E4920FE4-7926-423D-8779-0A1B5E896965} = {94CD553B-E19A-4BEC-B887-A900E00D1AE2}
		{0BCA43C5-FF1B-4A39-8667-9C1982939182} = {94CD553B-E19A-4BEC-B887-A900E00D1AE2}
		{6AB14468-638A-4E9D-9B5D-781A7DD5D92B} = {F3B3D22D-E71E-4E6E-ADDB-A45BF38106AF}
		{BF67F5D9-6FDE-4FC4-9948-C33F47459C21} = {F3B3D22D-E71E-4E6E-ADDB-A45BF38106AF}
		{3AC4E183-56AD-4467-8435-7D08EE066E81} = {98C34147-85FB-4B85-98BF-9C5A0D831766}
		{4F150D27-ED9E-46A1-A485-A9889AC2BE86} = {98C34147-85FB-4B85-98BF-9C5A0D831766}
	EndGlobalSection
EndGlobal
