
Microsoft Visual Studio Solution File, Format Version 11.00
# Visual Studio 2010
Project("{FAE04EC0-301F-11D3-BF4B-00C04F79EFBC}") = "Silverlight-Architecture", "Silverlight-Architecture\Silverlight-Architecture.csproj", "{BDC379D0-4DC0-4534-9788-AB6445BD6261}"
EndProject
Project("{FAE04EC0-301F-11D3-BF4B-00C04F79EFBC}") = "Silverlight-Architecture.Web", "Silverlight-Architecture.Web\Silverlight-Architecture.Web.csproj", "{CE808EAC-5EAC-463C-A419-C63CEEA5C039}"
EndProject
Project("{2150E333-8FDC-42A3-9474-1A3956D46DE8}") = "Support", "Support", "{71937A31-7A32-4809-B5D1-9865F3386AAC}"
	ProjectSection(SolutionItems) = preProject
		Guidance.txt = Guidance.txt
		NamingConventions.txt = NamingConventions.txt
		PeopleToWatch.txt = PeopleToWatch.txt
		PerformanceTips.txt = PerformanceTips.txt
		Structure.txt = Structure.txt
		Using MVVM.txt = Using MVVM.txt
	EndProjectSection
EndProject
Project("{2150E333-8FDC-42A3-9474-1A3956D46DE8}") = "ThirdParty", "ThirdParty", "{AA3E6AA7-A74A-43E9-B3DD-D8AB30C10B55}"
	ProjectSection(SolutionItems) = preProject
		ThirdParty\Ninject\extensions\CommonServiceLocator.NinjectAdapter.dll = ThirdParty\Ninject\extensions\CommonServiceLocator.NinjectAdapter.dll
		ThirdParty\MvvmLight\GalaSoft.MvvmLight.Extras.SL4.dll = ThirdParty\MvvmLight\GalaSoft.MvvmLight.Extras.SL4.dll
		ThirdParty\MvvmLight\GalaSoft.MvvmLight.Extras.SL4.XML = ThirdParty\MvvmLight\GalaSoft.MvvmLight.Extras.SL4.XML
		ThirdParty\MvvmLight\GalaSoft.MvvmLight.SL4.dll = ThirdParty\MvvmLight\GalaSoft.MvvmLight.SL4.dll
		ThirdParty\MvvmLight\GalaSoft.MvvmLight.SL4.XML = ThirdParty\MvvmLight\GalaSoft.MvvmLight.SL4.XML
		ThirdParty\Ninject\Ninject.dll = ThirdParty\Ninject\Ninject.dll
		ThirdParty\Ninject\extensions\Ninject.Extensions.Conventions.dll = ThirdParty\Ninject\extensions\Ninject.Extensions.Conventions.dll
		ThirdParty\Ninject\extensions\Ninject.Extensions.Conventions.pdb = ThirdParty\Ninject\extensions\Ninject.Extensions.Conventions.pdb
		ThirdParty\Ninject\extensions\Ninject.Extensions.Conventions.xml = ThirdParty\Ninject\extensions\Ninject.Extensions.Conventions.xml
		ThirdParty\Ninject\Ninject.xml = ThirdParty\Ninject\Ninject.xml
		ThirdParty\MvvmLight\System.Windows.Interactivity.dll = ThirdParty\MvvmLight\System.Windows.Interactivity.dll
	EndProjectSection
EndProject
Project("{2150E333-8FDC-42A3-9474-1A3956D46DE8}") = "Preload", "Preload", "{35246773-981E-47C9-937C-F7668FCE980F}"
EndProject
Project("{2150E333-8FDC-42A3-9474-1A3956D46DE8}") = "Solution Items", "Solution Items", "{FBECFD4C-2EFE-4D76-A05D-C92F1A29B24B}"
	ProjectSection(SolutionItems) = preProject
		Readme.txt = Readme.txt
	EndProjectSection
EndProject
Project("{2150E333-8FDC-42A3-9474-1A3956D46DE8}") = "Tests", "Tests", "{94CD553B-E19A-4BEC-B887-A900E00D1AE2}"
EndProject
Project("{FAE04EC0-301F-11D3-BF4B-00C04F79EFBC}") = "SilverlightArchitecture.UnitTests", "SilverlightArchitecture.UnitTests\SilverlightArchitecture.UnitTests.csproj", "{E4920FE4-7926-423D-8779-0A1B5E896965}"
EndProject
Project("{FAE04EC0-301F-11D3-BF4B-00C04F79EFBC}") = "SilverlightArchitecture.IntegrationTests", "SilverlightArchitecture.IntegrationTests\SilverlightArchitecture.IntegrationTests.csproj", "{0BCA43C5-FF1B-4A39-8667-9C1982939182}"
EndProject
Global
	GlobalSection(SolutionConfigurationPlatforms) = preSolution
		Debug|Any CPU = Debug|Any CPU
		Release|Any CPU = Release|Any CPU
	EndGlobalSection
	GlobalSection(ProjectConfigurationPlatforms) = postSolution
		{BDC379D0-4DC0-4534-9788-AB6445BD6261}.Debug|Any CPU.ActiveCfg = Debug|Any CPU
		{BDC379D0-4DC0-4534-9788-AB6445BD6261}.Debug|Any CPU.Build.0 = Debug|Any CPU
		{BDC379D0-4DC0-4534-9788-AB6445BD6261}.Release|Any CPU.ActiveCfg = Release|Any CPU
		{BDC379D0-4DC0-4534-9788-AB6445BD6261}.Release|Any CPU.Build.0 = Release|Any CPU
		{CE808EAC-5EAC-463C-A419-C63CEEA5C039}.Debug|Any CPU.ActiveCfg = Debug|Any CPU
		{CE808EAC-5EAC-463C-A419-C63CEEA5C039}.Debug|Any CPU.Build.0 = Debug|Any CPU
		{CE808EAC-5EAC-463C-A419-C63CEEA5C039}.Release|Any CPU.ActiveCfg = Release|Any CPU
		{CE808EAC-5EAC-463C-A419-C63CEEA5C039}.Release|Any CPU.Build.0 = Release|Any CPU
		{E4920FE4-7926-423D-8779-0A1B5E896965}.Debug|Any CPU.ActiveCfg = Debug|Any CPU
		{E4920FE4-7926-423D-8779-0A1B5E896965}.Debug|Any CPU.Build.0 = Debug|Any CPU
		{E4920FE4-7926-423D-8779-0A1B5E896965}.Release|Any CPU.ActiveCfg = Release|Any CPU
		{E4920FE4-7926-423D-8779-0A1B5E896965}.Release|Any CPU.Build.0 = Release|Any CPU
		{0BCA43C5-FF1B-4A39-8667-9C1982939182}.Debug|Any CPU.ActiveCfg = Debug|Any CPU
		{0BCA43C5-FF1B-4A39-8667-9C1982939182}.Debug|Any CPU.Build.0 = Debug|Any CPU
		{0BCA43C5-FF1B-4A39-8667-9C1982939182}.Release|Any CPU.ActiveCfg = Release|Any CPU
		{0BCA43C5-FF1B-4A39-8667-9C1982939182}.Release|Any CPU.Build.0 = Release|Any CPU
	EndGlobalSection
	GlobalSection(SolutionProperties) = preSolution
		HideSolutionNode = FALSE
	EndGlobalSection
	GlobalSection(NestedProjects) = preSolution
		{E4920FE4-7926-423D-8779-0A1B5E896965} = {94CD553B-E19A-4BEC-B887-A900E00D1AE2}
		{0BCA43C5-FF1B-4A39-8667-9C1982939182} = {94CD553B-E19A-4BEC-B887-A900E00D1AE2}
	EndGlobalSection
EndGlobal
