
Microsoft Visual Studio Solution File, Format Version 11.00
# Visual Studio 2010
Project("{FAE04EC0-301F-11D3-BF4B-00C04F79EFBC}") = "Silverlight-Architecture", "Silverlight-Architecture\Silverlight-Architecture.csproj", "{BDC379D0-4DC0-4534-9788-AB6445BD6261}"
EndProject
Project("{FAE04EC0-301F-11D3-BF4B-00C04F79EFBC}") = "Silverlight-Architecture.Web", "Silverlight-Architecture.Web\Silverlight-Architecture.Web.csproj", "{CE808EAC-5EAC-463C-A419-C63CEEA5C039}"
EndProject
Project("{2150E333-8FDC-42A3-9474-1A3956D46DE8}") = "Support", "Support", "{71937A31-7A32-4809-B5D1-9865F3386AAC}"
	ProjectSection(SolutionItems) = preProject
		Guidance.txt = Guidance.txt
		NamingConventions.txt = NamingConventions.txt
		PeopleToWatch.txt = PeopleToWatch.txt
		PerformanceTips.txt = PerformanceTips.txt
		Structure.txt = Structure.txt
		Using MVVM.txt = Using MVVM.txt
	EndProjectSection
EndProject
Project("{2150E333-8FDC-42A3-9474-1A3956D46DE8}") = "ThirdParty", "ThirdParty", "{AA3E6AA7-A74A-43E9-B3DD-D8AB30C10B55}"
EndProject
Project("{2150E333-8FDC-42A3-9474-1A3956D46DE8}") = "Preload", "Preload", "{35246773-981E-47C9-937C-F7668FCE980F}"
EndProject
Project("{2150E333-8FDC-42A3-9474-1A3956D46DE8}") = "Solution Items", "Solution Items", "{FBECFD4C-2EFE-4D76-A05D-C92F1A29B24B}"
	ProjectSection(SolutionItems) = preProject
		Readme.txt = Readme.txt
	EndProjectSection
EndProject
Global
	GlobalSection(SolutionConfigurationPlatforms) = preSolution
		Debug|Any CPU = Debug|Any CPU
		Release|Any CPU = Release|Any CPU
	EndGlobalSection
	GlobalSection(ProjectConfigurationPlatforms) = postSolution
		{BDC379D0-4DC0-4534-9788-AB6445BD6261}.Debug|Any CPU.ActiveCfg = Debug|Any CPU
		{BDC379D0-4DC0-4534-9788-AB6445BD6261}.Debug|Any CPU.Build.0 = Debug|Any CPU
		{BDC379D0-4DC0-4534-9788-AB6445BD6261}.Release|Any CPU.ActiveCfg = Release|Any CPU
		{BDC379D0-4DC0-4534-9788-AB6445BD6261}.Release|Any CPU.Build.0 = Release|Any CPU
		{CE808EAC-5EAC-463C-A419-C63CEEA5C039}.Debug|Any CPU.ActiveCfg = Debug|Any CPU
		{CE808EAC-5EAC-463C-A419-C63CEEA5C039}.Debug|Any CPU.Build.0 = Debug|Any CPU
		{CE808EAC-5EAC-463C-A419-C63CEEA5C039}.Release|Any CPU.ActiveCfg = Release|Any CPU
		{CE808EAC-5EAC-463C-A419-C63CEEA5C039}.Release|Any CPU.Build.0 = Release|Any CPU
	EndGlobalSection
	GlobalSection(SolutionProperties) = preSolution
		HideSolutionNode = FALSE
	EndGlobalSection
EndGlobal
